// !$*UTF8*$!
{
	archiveVersion = 1;
	classes = {
	};
	objectVersion = 46;
	objects = {

/* Begin PBXBuildFile section */
		2410E3311BE95EFD00EF9868 /* AppDelegate.swift in Sources */ = {isa = PBXBuildFile; fileRef = 2410E3301BE95EFD00EF9868 /* AppDelegate.swift */; };
		2410E3331BE95EFD00EF9868 /* ViewController.swift in Sources */ = {isa = PBXBuildFile; fileRef = 2410E3321BE95EFD00EF9868 /* ViewController.swift */; };
		2410E3361BE95EFD00EF9868 /* Main.storyboard in Resources */ = {isa = PBXBuildFile; fileRef = 2410E3341BE95EFD00EF9868 /* Main.storyboard */; };
		2410E3381BE95EFD00EF9868 /* Assets.xcassets in Resources */ = {isa = PBXBuildFile; fileRef = 2410E3371BE95EFD00EF9868 /* Assets.xcassets */; };
		2410E33B1BE95EFD00EF9868 /* LaunchScreen.storyboard in Resources */ = {isa = PBXBuildFile; fileRef = 2410E3391BE95EFD00EF9868 /* LaunchScreen.storyboard */; };
		2410E3431BE9647B00EF9868 /* TimelineTableViewController.swift in Sources */ = {isa = PBXBuildFile; fileRef = 2410E3421BE9647B00EF9868 /* TimelineTableViewController.swift */; };
		2410E3451BE965D900EF9868 /* PostDetailTableViewController.swift in Sources */ = {isa = PBXBuildFile; fileRef = 2410E3441BE965D900EF9868 /* PostDetailTableViewController.swift */; };
		2435A0371BE9685A00A64963 /* UserSearchTableViewController.swift in Sources */ = {isa = PBXBuildFile; fileRef = 2435A0361BE9685A00A64963 /* UserSearchTableViewController.swift */; };
		2435A0391BE96A0100A64963 /* ProfileViewController.swift in Sources */ = {isa = PBXBuildFile; fileRef = 2435A0381BE96A0100A64963 /* ProfileViewController.swift */; };
		2435A03B1BE96B8200A64963 /* AddPhotoTableViewController.swift in Sources */ = {isa = PBXBuildFile; fileRef = 2435A03A1BE96B8200A64963 /* AddPhotoTableViewController.swift */; };
		2435A03D1BE96D6F00A64963 /* LoginSignupPickerViewController.swift in Sources */ = {isa = PBXBuildFile; fileRef = 2435A03C1BE96D6F00A64963 /* LoginSignupPickerViewController.swift */; };
		2435A03F1BE96E6B00A64963 /* LoginSignupViewController.swift in Sources */ = {isa = PBXBuildFile; fileRef = 2435A03E1BE96E6B00A64963 /* LoginSignupViewController.swift */; };
		2435A0411BE96F0F00A64963 /* User.swift in Sources */ = {isa = PBXBuildFile; fileRef = 2435A0401BE96F0F00A64963 /* User.swift */; };
		2435A0431BE9766A00A64963 /* Post.swift in Sources */ = {isa = PBXBuildFile; fileRef = 2435A0421BE9766A00A64963 /* Post.swift */; };
		2435A0451BE97B6B00A64963 /* Comment.swift in Sources */ = {isa = PBXBuildFile; fileRef = 2435A0441BE97B6B00A64963 /* Comment.swift */; };
		2435A0471BE97CCB00A64963 /* Like.swift in Sources */ = {isa = PBXBuildFile; fileRef = 2435A0461BE97CCB00A64963 /* Like.swift */; };
		2435A0491BE9835000A64963 /* UserController.swift in Sources */ = {isa = PBXBuildFile; fileRef = 2435A0481BE9835000A64963 /* UserController.swift */; };
		2466700B1BEAB4DB00249890 /* PostController copy.swift in Sources */ = {isa = PBXBuildFile; fileRef = 246670091BEAB4DB00249890 /* PostController copy.swift */; };
		2466700C1BEAB4DB00249890 /* ImageController copy.swift in Sources */ = {isa = PBXBuildFile; fileRef = 2466700A1BEAB4DB00249890 /* ImageController copy.swift */; };
		248D02741BEF083B0079D49C /* ProfileHeaderCollectionReusableView.swift in Sources */ = {isa = PBXBuildFile; fileRef = 248D02731BEF083B0079D49C /* ProfileHeaderCollectionReusableView.swift */; };
		248D07611BEC444B00D81AC0 /* UserSearchResultsTableViewController.swift in Sources */ = {isa = PBXBuildFile; fileRef = 248D07601BEC444B00D81AC0 /* UserSearchResultsTableViewController.swift */; };
/* End PBXBuildFile section */

/* Begin PBXFileReference section */
		2410E32D1BE95EFD00EF9868 /* Timeline.app */ = {isa = PBXFileReference; explicitFileType = wrapper.application; includeInIndex = 0; path = Timeline.app; sourceTree = BUILT_PRODUCTS_DIR; };
		2410E3301BE95EFD00EF9868 /* AppDelegate.swift */ = {isa = PBXFileReference; lastKnownFileType = sourcecode.swift; path = AppDelegate.swift; sourceTree = "<group>"; };
		2410E3321BE95EFD00EF9868 /* ViewController.swift */ = {isa = PBXFileReference; lastKnownFileType = sourcecode.swift; path = ViewController.swift; sourceTree = "<group>"; };
		2410E3351BE95EFD00EF9868 /* Base */ = {isa = PBXFileReference; lastKnownFileType = file.storyboard; name = Base; path = Base.lproj/Main.storyboard; sourceTree = "<group>"; };
		2410E3371BE95EFD00EF9868 /* Assets.xcassets */ = {isa = PBXFileReference; lastKnownFileType = folder.assetcatalog; path = Assets.xcassets; sourceTree = "<group>"; };
		2410E33A1BE95EFD00EF9868 /* Base */ = {isa = PBXFileReference; lastKnownFileType = file.storyboard; name = Base; path = Base.lproj/LaunchScreen.storyboard; sourceTree = "<group>"; };
		2410E33C1BE95EFD00EF9868 /* Info.plist */ = {isa = PBXFileReference; lastKnownFileType = text.plist.xml; path = Info.plist; sourceTree = "<group>"; };
		2410E3421BE9647B00EF9868 /* TimelineTableViewController.swift */ = {isa = PBXFileReference; fileEncoding = 4; lastKnownFileType = sourcecode.swift; path = TimelineTableViewController.swift; sourceTree = "<group>"; };
		2410E3441BE965D900EF9868 /* PostDetailTableViewController.swift */ = {isa = PBXFileReference; fileEncoding = 4; lastKnownFileType = sourcecode.swift; path = PostDetailTableViewController.swift; sourceTree = "<group>"; };
		2435A0361BE9685A00A64963 /* UserSearchTableViewController.swift */ = {isa = PBXFileReference; fileEncoding = 4; lastKnownFileType = sourcecode.swift; path = UserSearchTableViewController.swift; sourceTree = "<group>"; };
		2435A0381BE96A0100A64963 /* ProfileViewController.swift */ = {isa = PBXFileReference; fileEncoding = 4; lastKnownFileType = sourcecode.swift; path = ProfileViewController.swift; sourceTree = "<group>"; };
		2435A03A1BE96B8200A64963 /* AddPhotoTableViewController.swift */ = {isa = PBXFileReference; fileEncoding = 4; lastKnownFileType = sourcecode.swift; path = AddPhotoTableViewController.swift; sourceTree = "<group>"; };
		2435A03C1BE96D6F00A64963 /* LoginSignupPickerViewController.swift */ = {isa = PBXFileReference; fileEncoding = 4; lastKnownFileType = sourcecode.swift; path = LoginSignupPickerViewController.swift; sourceTree = "<group>"; };
		2435A03E1BE96E6B00A64963 /* LoginSignupViewController.swift */ = {isa = PBXFileReference; fileEncoding = 4; lastKnownFileType = sourcecode.swift; path = LoginSignupViewController.swift; sourceTree = "<group>"; };
		2435A0401BE96F0F00A64963 /* User.swift */ = {isa = PBXFileReference; fileEncoding = 4; lastKnownFileType = sourcecode.swift; path = User.swift; sourceTree = "<group>"; };
		2435A0421BE9766A00A64963 /* Post.swift */ = {isa = PBXFileReference; fileEncoding = 4; lastKnownFileType = sourcecode.swift; path = Post.swift; sourceTree = "<group>"; };
		2435A0441BE97B6B00A64963 /* Comment.swift */ = {isa = PBXFileReference; fileEncoding = 4; lastKnownFileType = sourcecode.swift; path = Comment.swift; sourceTree = "<group>"; };
		2435A0461BE97CCB00A64963 /* Like.swift */ = {isa = PBXFileReference; fileEncoding = 4; lastKnownFileType = sourcecode.swift; path = Like.swift; sourceTree = "<group>"; };
		2435A0481BE9835000A64963 /* UserController.swift */ = {isa = PBXFileReference; fileEncoding = 4; lastKnownFileType = sourcecode.swift; path = UserController.swift; sourceTree = "<group>"; };
		246670091BEAB4DB00249890 /* PostController copy.swift */ = {isa = PBXFileReference; fileEncoding = 4; lastKnownFileType = sourcecode.swift; path = "PostController copy.swift"; sourceTree = "<group>"; };
		2466700A1BEAB4DB00249890 /* ImageController copy.swift */ = {isa = PBXFileReference; fileEncoding = 4; lastKnownFileType = sourcecode.swift; path = "ImageController copy.swift"; sourceTree = "<group>"; };
		248D02731BEF083B0079D49C /* ProfileHeaderCollectionReusableView.swift */ = {isa = PBXFileReference; fileEncoding = 4; lastKnownFileType = sourcecode.swift; name = ProfileHeaderCollectionReusableView.swift; path = ../ProfileHeaderCollectionReusableView.swift; sourceTree = "<group>"; };
		248D07601BEC444B00D81AC0 /* UserSearchResultsTableViewController.swift */ = {isa = PBXFileReference; fileEncoding = 4; lastKnownFileType = sourcecode.swift; path = UserSearchResultsTableViewController.swift; sourceTree = "<group>"; };
/* End PBXFileReference section */

/* Begin PBXFrameworksBuildPhase section */
		2410E32A1BE95EFD00EF9868 /* Frameworks */ = {
			isa = PBXFrameworksBuildPhase;
			buildActionMask = 2147483647;
			files = (
			);
			runOnlyForDeploymentPostprocessing = 0;
		};
/* End PBXFrameworksBuildPhase section */

/* Begin PBXGroup section */
		2410E3241BE95EFD00EF9868 = {
			isa = PBXGroup;
			children = (
				2410E32F1BE95EFD00EF9868 /* Timeline */,
				2410E32E1BE95EFD00EF9868 /* Products */,
			);
			sourceTree = "<group>";
		};
		2410E32E1BE95EFD00EF9868 /* Products */ = {
			isa = PBXGroup;
			children = (
				2410E32D1BE95EFD00EF9868 /* Timeline.app */,
			);
			name = Products;
			sourceTree = "<group>";
		};
		2410E32F1BE95EFD00EF9868 /* Timeline */ = {
			isa = PBXGroup;
			children = (
				2410E3301BE95EFD00EF9868 /* AppDelegate.swift */,
				2410E3341BE95EFD00EF9868 /* Main.storyboard */,
				2466700E1BEAB51800249890 /* Models */,
				2466700D1BEAB50300249890 /* Views */,
				2466700F1BEAB53200249890 /* Controllers */,
				2410E3371BE95EFD00EF9868 /* Assets.xcassets */,
				2410E3391BE95EFD00EF9868 /* LaunchScreen.storyboard */,
				2410E33C1BE95EFD00EF9868 /* Info.plist */,
			);
			path = Timeline;
			sourceTree = "<group>";
		};
		2466700D1BEAB50300249890 /* Views */ = {
			isa = PBXGroup;
			children = (
				248D07601BEC444B00D81AC0 /* UserSearchResultsTableViewController.swift */,
				2410E3321BE95EFD00EF9868 /* ViewController.swift */,
				2435A0381BE96A0100A64963 /* ProfileViewController.swift */,
				2435A03E1BE96E6B00A64963 /* LoginSignupViewController.swift */,
				2435A03C1BE96D6F00A64963 /* LoginSignupPickerViewController.swift */,
				2435A03A1BE96B8200A64963 /* AddPhotoTableViewController.swift */,
				2435A0361BE9685A00A64963 /* UserSearchTableViewController.swift */,
				2410E3441BE965D900EF9868 /* PostDetailTableViewController.swift */,
				2410E3421BE9647B00EF9868 /* TimelineTableViewController.swift */,
				248D02731BEF083B0079D49C /* ProfileHeaderCollectionReusableView.swift */,
			);
			name = Views;
			sourceTree = "<group>";
		};
		2466700E1BEAB51800249890 /* Models */ = {
			isa = PBXGroup;
			children = (
				2435A0401BE96F0F00A64963 /* User.swift */,
				2435A0421BE9766A00A64963 /* Post.swift */,
				2435A0441BE97B6B00A64963 /* Comment.swift */,
				2435A0461BE97CCB00A64963 /* Like.swift */,
			);
			name = Models;
			sourceTree = "<group>";
		};
		2466700F1BEAB53200249890 /* Controllers */ = {
			isa = PBXGroup;
			children = (
				2435A0481BE9835000A64963 /* UserController.swift */,
				246670091BEAB4DB00249890 /* PostController copy.swift */,
				2466700A1BEAB4DB00249890 /* ImageController copy.swift */,
			);
			name = Controllers;
			sourceTree = "<group>";
		};
/* End PBXGroup section */

/* Begin PBXNativeTarget section */
		2410E32C1BE95EFD00EF9868 /* Timeline */ = {
			isa = PBXNativeTarget;
			buildConfigurationList = 2410E33F1BE95EFD00EF9868 /* Build configuration list for PBXNativeTarget "Timeline" */;
			buildPhases = (
				2410E3291BE95EFD00EF9868 /* Sources */,
				2410E32A1BE95EFD00EF9868 /* Frameworks */,
				2410E32B1BE95EFD00EF9868 /* Resources */,
			);
			buildRules = (
			);
			dependencies = (
			);
			name = Timeline;
			productName = Timeline;
			productReference = 2410E32D1BE95EFD00EF9868 /* Timeline.app */;
			productType = "com.apple.product-type.application";
		};
/* End PBXNativeTarget section */

/* Begin PBXProject section */
		2410E3251BE95EFD00EF9868 /* Project object */ = {
			isa = PBXProject;
			attributes = {
				LastSwiftUpdateCheck = 0710;
				LastUpgradeCheck = 0710;
				ORGANIZATIONNAME = "Andrew Porter";
				TargetAttributes = {
					2410E32C1BE95EFD00EF9868 = {
						CreatedOnToolsVersion = 7.1;
						DevelopmentTeam = 9YLTPA768Z;
					};
				};
			};
			buildConfigurationList = 2410E3281BE95EFD00EF9868 /* Build configuration list for PBXProject "Timeline" */;
			compatibilityVersion = "Xcode 3.2";
			developmentRegion = English;
			hasScannedForEncodings = 0;
			knownRegions = (
				en,
				Base,
			);
			mainGroup = 2410E3241BE95EFD00EF9868;
			productRefGroup = 2410E32E1BE95EFD00EF9868 /* Products */;
			projectDirPath = "";
			projectRoot = "";
			targets = (
				2410E32C1BE95EFD00EF9868 /* Timeline */,
			);
		};
/* End PBXProject section */

/* Begin PBXResourcesBuildPhase section */
		2410E32B1BE95EFD00EF9868 /* Resources */ = {
			isa = PBXResourcesBuildPhase;
			buildActionMask = 2147483647;
			files = (
				2410E33B1BE95EFD00EF9868 /* LaunchScreen.storyboard in Resources */,
				2410E3381BE95EFD00EF9868 /* Assets.xcassets in Resources */,
				2410E3361BE95EFD00EF9868 /* Main.storyboard in Resources */,
			);
			runOnlyForDeploymentPostprocessing = 0;
		};
/* End PBXResourcesBuildPhase section */

/* Begin PBXSourcesBuildPhase section */
		2410E3291BE95EFD00EF9868 /* Sources */ = {
			isa = PBXSourcesBuildPhase;
			buildActionMask = 2147483647;
			files = (
				2466700B1BEAB4DB00249890 /* PostController copy.swift in Sources */,
				2435A0391BE96A0100A64963 /* ProfileViewController.swift in Sources */,
				2435A0431BE9766A00A64963 /* Post.swift in Sources */,
				2435A0371BE9685A00A64963 /* UserSearchTableViewController.swift in Sources */,
				2410E3331BE95EFD00EF9868 /* ViewController.swift in Sources */,
				2435A0491BE9835000A64963 /* UserController.swift in Sources */,
				2435A0471BE97CCB00A64963 /* Like.swift in Sources */,
				2466700C1BEAB4DB00249890 /* ImageController copy.swift in Sources */,
				2410E3431BE9647B00EF9868 /* TimelineTableViewController.swift in Sources */,
				2435A03F1BE96E6B00A64963 /* LoginSignupViewController.swift in Sources */,
				248D07611BEC444B00D81AC0 /* UserSearchResultsTableViewController.swift in Sources */,
				2435A03D1BE96D6F00A64963 /* LoginSignupPickerViewController.swift in Sources */,
				2435A0451BE97B6B00A64963 /* Comment.swift in Sources */,
				2410E3451BE965D900EF9868 /* PostDetailTableViewController.swift in Sources */,
				248D02741BEF083B0079D49C /* ProfileHeaderCollectionReusableView.swift in Sources */,
				2410E3311BE95EFD00EF9868 /* AppDelegate.swift in Sources */,
				2435A0411BE96F0F00A64963 /* User.swift in Sources */,
				2435A03B1BE96B8200A64963 /* AddPhotoTableViewController.swift in Sources */,
			);
			runOnlyForDeploymentPostprocessing = 0;
		};
/* End PBXSourcesBuildPhase section */

/* Begin PBXVariantGroup section */
		2410E3341BE95EFD00EF9868 /* Main.storyboard */ = {
			isa = PBXVariantGroup;
			children = (
				2410E3351BE95EFD00EF9868 /* Base */,
			);
			name = Main.storyboard;
			sourceTree = "<group>";
		};
		2410E3391BE95EFD00EF9868 /* LaunchScreen.storyboard */ = {
			isa = PBXVariantGroup;
			children = (
				2410E33A1BE95EFD00EF9868 /* Base */,
			);
			name = LaunchScreen.storyboard;
			sourceTree = "<group>";
		};
/* End PBXVariantGroup section */

/* Begin XCBuildConfiguration section */
		2410E33D1BE95EFD00EF9868 /* Debug */ = {
			isa = XCBuildConfiguration;
			buildSettings = {
				ALWAYS_SEARCH_USER_PATHS = NO;
				CLANG_CXX_LANGUAGE_STANDARD = "gnu++0x";
				CLANG_CXX_LIBRARY = "libc++";
				CLANG_ENABLE_MODULES = YES;
				CLANG_ENABLE_OBJC_ARC = YES;
				CLANG_WARN_BOOL_CONVERSION = YES;
				CLANG_WARN_CONSTANT_CONVERSION = YES;
				CLANG_WARN_DIRECT_OBJC_ISA_USAGE = YES_ERROR;
				CLANG_WARN_EMPTY_BODY = YES;
				CLANG_WARN_ENUM_CONVERSION = YES;
				CLANG_WARN_INT_CONVERSION = YES;
				CLANG_WARN_OBJC_ROOT_CLASS = YES_ERROR;
				CLANG_WARN_UNREACHABLE_CODE = YES;
				CLANG_WARN__DUPLICATE_METHOD_MATCH = YES;
				"CODE_SIGN_IDENTITY[sdk=iphoneos*]" = "iPhone Developer";
				COPY_PHASE_STRIP = NO;
				DEBUG_INFORMATION_FORMAT = dwarf;
				ENABLE_STRICT_OBJC_MSGSEND = YES;
				ENABLE_TESTABILITY = YES;
				GCC_C_LANGUAGE_STANDARD = gnu99;
				GCC_DYNAMIC_NO_PIC = NO;
				GCC_NO_COMMON_BLOCKS = YES;
				GCC_OPTIMIZATION_LEVEL = 0;
				GCC_PREPROCESSOR_DEFINITIONS = (
					"DEBUG=1",
					"$(inherited)",
				);
				GCC_WARN_64_TO_32_BIT_CONVERSION = YES;
				GCC_WARN_ABOUT_RETURN_TYPE = YES_ERROR;
				GCC_WARN_UNDECLARED_SELECTOR = YES;
				GCC_WARN_UNINITIALIZED_AUTOS = YES_AGGRESSIVE;
				GCC_WARN_UNUSED_FUNCTION = YES;
				GCC_WARN_UNUSED_VARIABLE = YES;
				IPHONEOS_DEPLOYMENT_TARGET = 9.1;
				MTL_ENABLE_DEBUG_INFO = YES;
				ONLY_ACTIVE_ARCH = YES;
				SDKROOT = iphoneos;
				SWIFT_OPTIMIZATION_LEVEL = "-Onone";
			};
			name = Debug;
		};
		2410E33E1BE95EFD00EF9868 /* Release */ = {
			isa = XCBuildConfiguration;
			buildSettings = {
				ALWAYS_SEARCH_USER_PATHS = NO;
				CLANG_CXX_LANGUAGE_STANDARD = "gnu++0x";
				CLANG_CXX_LIBRARY = "libc++";
				CLANG_ENABLE_MODULES = YES;
				CLANG_ENABLE_OBJC_ARC = YES;
				CLANG_WARN_BOOL_CONVERSION = YES;
				CLANG_WARN_CONSTANT_CONVERSION = YES;
				CLANG_WARN_DIRECT_OBJC_ISA_USAGE = YES_ERROR;
				CLANG_WARN_EMPTY_BODY = YES;
				CLANG_WARN_ENUM_CONVERSION = YES;
				CLANG_WARN_INT_CONVERSION = YES;
				CLANG_WARN_OBJC_ROOT_CLASS = YES_ERROR;
				CLANG_WARN_UNREACHABLE_CODE = YES;
				CLANG_WARN__DUPLICATE_METHOD_MATCH = YES;
				"CODE_SIGN_IDENTITY[sdk=iphoneos*]" = "iPhone Developer";
				COPY_PHASE_STRIP = NO;
				DEBUG_INFORMATION_FORMAT = "dwarf-with-dsym";
				ENABLE_NS_ASSERTIONS = NO;
				ENABLE_STRICT_OBJC_MSGSEND = YES;
				GCC_C_LANGUAGE_STANDARD = gnu99;
				GCC_NO_COMMON_BLOCKS = YES;
				GCC_WARN_64_TO_32_BIT_CONVERSION = YES;
				GCC_WARN_ABOUT_RETURN_TYPE = YES_ERROR;
				GCC_WARN_UNDECLARED_SELECTOR = YES;
				GCC_WARN_UNINITIALIZED_AUTOS = YES_AGGRESSIVE;
				GCC_WARN_UNUSED_FUNCTION = YES;
				GCC_WARN_UNUSED_VARIABLE = YES;
				IPHONEOS_DEPLOYMENT_TARGET = 9.1;
				MTL_ENABLE_DEBUG_INFO = NO;
				SDKROOT = iphoneos;
				VALIDATE_PRODUCT = YES;
			};
			name = Release;
		};
		2410E3401BE95EFD00EF9868 /* Debug */ = {
			isa = XCBuildConfiguration;
			buildSettings = {
				ASSETCATALOG_COMPILER_APPICON_NAME = AppIcon;
				CODE_SIGN_IDENTITY = "iPhone Developer";
				"CODE_SIGN_IDENTITY[sdk=iphoneos*]" = "iPhone Developer";
				INFOPLIST_FILE = Timeline/Info.plist;
				LD_RUNPATH_SEARCH_PATHS = "$(inherited) @executable_path/Frameworks";
				PRODUCT_BUNDLE_IDENTIFIER = DevMtn.Timeline;
				PRODUCT_NAME = "$(TARGET_NAME)";
				PROVISIONING_PROFILE = "";
			};
			name = Debug;
		};
		2410E3411BE95EFD00EF9868 /* Release */ = {
			isa = XCBuildConfiguration;
			buildSettings = {
				ASSETCATALOG_COMPILER_APPICON_NAME = AppIcon;
				CODE_SIGN_IDENTITY = "iPhone Developer";
				"CODE_SIGN_IDENTITY[sdk=iphoneos*]" = "iPhone Developer";
				INFOPLIST_FILE = Timeline/Info.plist;
				LD_RUNPATH_SEARCH_PATHS = "$(inherited) @executable_path/Frameworks";
				PRODUCT_BUNDLE_IDENTIFIER = DevMtn.Timeline;
				PRODUCT_NAME = "$(TARGET_NAME)";
				PROVISIONING_PROFILE = "";
			};
			name = Release;
		};
/* End XCBuildConfiguration section */

/* Begin XCConfigurationList section */
		2410E3281BE95EFD00EF9868 /* Build configuration list for PBXProject "Timeline" */ = {
			isa = XCConfigurationList;
			buildConfigurations = (
				2410E33D1BE95EFD00EF9868 /* Debug */,
				2410E33E1BE95EFD00EF9868 /* Release */,
			);
			defaultConfigurationIsVisible = 0;
			defaultConfigurationName = Release;
		};
		2410E33F1BE95EFD00EF9868 /* Build configuration list for PBXNativeTarget "Timeline" */ = {
			isa = XCConfigurationList;
			buildConfigurations = (
				2410E3401BE95EFD00EF9868 /* Debug */,
				2410E3411BE95EFD00EF9868 /* Release */,
			);
			defaultConfigurationIsVisible = 0;
			defaultConfigurationName = Release;
		};
/* End XCConfigurationList section */
	};
	rootObject = 2410E3251BE95EFD00EF9868 /* Project object */;
}
